// !$*UTF8*$!
{
	archiveVersion = 1;
	classes = {
	};
	objectVersion = 56;
	objects = {

/* Begin PBXBuildFile section */
		DDA5D91C2B8627310049CD0D /* AppDelegate.swift in Sources */ = {isa = PBXBuildFile; fileRef = DDA5D91B2B8627310049CD0D /* AppDelegate.swift */; };
		DDA5D91E2B8627310049CD0D /* SceneDelegate.swift in Sources */ = {isa = PBXBuildFile; fileRef = DDA5D91D2B8627310049CD0D /* SceneDelegate.swift */; };
		DDA5D9202B8627310049CD0D /* MainViewController.swift in Sources */ = {isa = PBXBuildFile; fileRef = DDA5D91F2B8627310049CD0D /* MainViewController.swift */; };
		DDA5D9252B8627340049CD0D /* Assets.xcassets in Resources */ = {isa = PBXBuildFile; fileRef = DDA5D9242B8627340049CD0D /* Assets.xcassets */; };
		DDA5D9392B8636DD0049CD0D /* MainView.swift in Sources */ = {isa = PBXBuildFile; fileRef = DDA5D9382B8636DD0049CD0D /* MainView.swift */; };
		DDA5D93C2B8641370049CD0D /* SnapKit in Frameworks */ = {isa = PBXBuildFile; productRef = DDA5D93B2B8641370049CD0D /* SnapKit */; };
		DDA5D93E2B8643810049CD0D /* GenericViewController.swift in Sources */ = {isa = PBXBuildFile; fileRef = DDA5D93D2B8643810049CD0D /* GenericViewController.swift */; };
/* End PBXBuildFile section */

/* Begin PBXFileReference section */
		DDA5D9182B8627310049CD0D /* CustomAlertController.app */ = {isa = PBXFileReference; explicitFileType = wrapper.application; includeInIndex = 0; path = CustomAlertController.app; sourceTree = BUILT_PRODUCTS_DIR; };
		DDA5D91B2B8627310049CD0D /* AppDelegate.swift */ = {isa = PBXFileReference; lastKnownFileType = sourcecode.swift; path = AppDelegate.swift; sourceTree = "<group>"; };
		DDA5D91D2B8627310049CD0D /* SceneDelegate.swift */ = {isa = PBXFileReference; lastKnownFileType = sourcecode.swift; path = SceneDelegate.swift; sourceTree = "<group>"; };
		DDA5D91F2B8627310049CD0D /* MainViewController.swift */ = {isa = PBXFileReference; lastKnownFileType = sourcecode.swift; path = MainViewController.swift; sourceTree = "<group>"; };
		DDA5D9242B8627340049CD0D /* Assets.xcassets */ = {isa = PBXFileReference; lastKnownFileType = folder.assetcatalog; path = Assets.xcassets; sourceTree = "<group>"; };
		DDA5D9292B8627340049CD0D /* Info.plist */ = {isa = PBXFileReference; lastKnownFileType = text.plist.xml; path = Info.plist; sourceTree = "<group>"; };
		DDA5D9382B8636DD0049CD0D /* MainView.swift */ = {isa = PBXFileReference; lastKnownFileType = sourcecode.swift; path = MainView.swift; sourceTree = "<group>"; };
		DDA5D93D2B8643810049CD0D /* GenericViewController.swift */ = {isa = PBXFileReference; lastKnownFileType = sourcecode.swift; path = GenericViewController.swift; sourceTree = "<group>"; };
/* End PBXFileReference section */

/* Begin PBXFrameworksBuildPhase section */
		DDA5D9152B8627310049CD0D /* Frameworks */ = {
			isa = PBXFrameworksBuildPhase;
			buildActionMask = 2147483647;
			files = (
				DDA5D93C2B8641370049CD0D /* SnapKit in Frameworks */,
			);
			runOnlyForDeploymentPostprocessing = 0;
		};
/* End PBXFrameworksBuildPhase section */

/* Begin PBXGroup section */
		DDA5D90F2B8627310049CD0D = {
			isa = PBXGroup;
			children = (
				DDA5D91A2B8627310049CD0D /* CustomAlertController */,
				DDA5D9192B8627310049CD0D /* Products */,
			);
			sourceTree = "<group>";
		};
		DDA5D9192B8627310049CD0D /* Products */ = {
			isa = PBXGroup;
			children = (
				DDA5D9182B8627310049CD0D /* CustomAlertController.app */,
			);
			name = Products;
			sourceTree = "<group>";
		};
		DDA5D91A2B8627310049CD0D /* CustomAlertController */ = {
			isa = PBXGroup;
			children = (
				DDA5D92F2B8627F00049CD0D /* App */,
				DDA5D9302B8628010049CD0D /* Screens */,
				DDA5D9332B8628570049CD0D /* Custom */,
				DDA5D9312B8628290049CD0D /* Resources */,
				DDA5D9322B86283E0049CD0D /* Helpers */,
			);
			path = CustomAlertController;
			sourceTree = "<group>";
		};
		DDA5D92F2B8627F00049CD0D /* App */ = {
			isa = PBXGroup;
			children = (
				DDA5D91B2B8627310049CD0D /* AppDelegate.swift */,
				DDA5D91D2B8627310049CD0D /* SceneDelegate.swift */,
			);
			path = App;
			sourceTree = "<group>";
		};
		DDA5D9302B8628010049CD0D /* Screens */ = {
			isa = PBXGroup;
			children = (
				DDA5D9362B8636A10049CD0D /* MainScreen */,
			);
			path = Screens;
			sourceTree = "<group>";
		};
		DDA5D9312B8628290049CD0D /* Resources */ = {
			isa = PBXGroup;
			children = (
				DDA5D9242B8627340049CD0D /* Assets.xcassets */,
			);
			path = Resources;
			sourceTree = "<group>";
		};
		DDA5D9322B86283E0049CD0D /* Helpers */ = {
			isa = PBXGroup;
			children = (
				DDA5D9292B8627340049CD0D /* Info.plist */,
			);
			path = Helpers;
			sourceTree = "<group>";
		};
		DDA5D9332B8628570049CD0D /* Custom */ = {
			isa = PBXGroup;
			children = (
				DDA5D93D2B8643810049CD0D /* GenericViewController.swift */,
			);
			path = Custom;
			sourceTree = "<group>";
		};
		DDA5D9362B8636A10049CD0D /* MainScreen */ = {
			isa = PBXGroup;
			children = (
				DDA5D9372B8636B50049CD0D /* View */,
				DDA5D91F2B8627310049CD0D /* MainViewController.swift */,
			);
			path = MainScreen;
			sourceTree = "<group>";
		};
		DDA5D9372B8636B50049CD0D /* View */ = {
			isa = PBXGroup;
			children = (
				DDA5D9382B8636DD0049CD0D /* MainView.swift */,
			);
			path = View;
			sourceTree = "<group>";
		};
/* End PBXGroup section */

/* Begin PBXNativeTarget section */
		DDA5D9172B8627310049CD0D /* CustomAlertController */ = {
			isa = PBXNativeTarget;
			buildConfigurationList = DDA5D92C2B8627340049CD0D /* Build configuration list for PBXNativeTarget "CustomAlertController" */;
			buildPhases = (
				DDA5D9142B8627310049CD0D /* Sources */,
				DDA5D9152B8627310049CD0D /* Frameworks */,
				DDA5D9162B8627310049CD0D /* Resources */,
			);
			buildRules = (
			);
			dependencies = (
			);
			name = CustomAlertController;
			packageProductDependencies = (
				DDA5D93B2B8641370049CD0D /* SnapKit */,
			);
			productName = CustomAlertController;
			productReference = DDA5D9182B8627310049CD0D /* CustomAlertController.app */;
			productType = "com.apple.product-type.application";
		};
/* End PBXNativeTarget section */

/* Begin PBXProject section */
		DDA5D9102B8627310049CD0D /* Project object */ = {
			isa = PBXProject;
			attributes = {
				BuildIndependentTargetsInParallel = 1;
				LastSwiftUpdateCheck = 1420;
				LastUpgradeCheck = 1420;
				TargetAttributes = {
					DDA5D9172B8627310049CD0D = {
						CreatedOnToolsVersion = 14.2;
					};
				};
			};
			buildConfigurationList = DDA5D9132B8627310049CD0D /* Build configuration list for PBXProject "CustomAlertController" */;
			compatibilityVersion = "Xcode 14.0";
			developmentRegion = en;
			hasScannedForEncodings = 0;
			knownRegions = (
				en,
				Base,
			);
			mainGroup = DDA5D90F2B8627310049CD0D;
			packageReferences = (
				DDA5D93A2B8641370049CD0D /* XCRemoteSwiftPackageReference "SnapKit" */,
			);
			productRefGroup = DDA5D9192B8627310049CD0D /* Products */;
			projectDirPath = "";
			projectRoot = "";
			targets = (
				DDA5D9172B8627310049CD0D /* CustomAlertController */,
			);
		};
/* End PBXProject section */

/* Begin PBXResourcesBuildPhase section */
		DDA5D9162B8627310049CD0D /* Resources */ = {
			isa = PBXResourcesBuildPhase;
			buildActionMask = 2147483647;
			files = (
				DDA5D9252B8627340049CD0D /* Assets.xcassets in Resources */,
			);
			runOnlyForDeploymentPostprocessing = 0;
		};
/* End PBXResourcesBuildPhase section */

/* Begin PBXSourcesBuildPhase section */
		DDA5D9142B8627310049CD0D /* Sources */ = {
			isa = PBXSourcesBuildPhase;
			buildActionMask = 2147483647;
			files = (
				DDA5D9202B8627310049CD0D /* MainViewController.swift in Sources */,
				DDA5D9392B8636DD0049CD0D /* MainView.swift in Sources */,
				DDA5D93E2B8643810049CD0D /* GenericViewController.swift in Sources */,
				DDA5D91C2B8627310049CD0D /* AppDelegate.swift in Sources */,
				DDA5D91E2B8627310049CD0D /* SceneDelegate.swift in Sources */,
			);
			runOnlyForDeploymentPostprocessing = 0;
		};
/* End PBXSourcesBuildPhase section */

/* Begin XCBuildConfiguration section */
		DDA5D92A2B8627340049CD0D /* Debug */ = {
			isa = XCBuildConfiguration;
			buildSettings = {
				ALWAYS_SEARCH_USER_PATHS = NO;
				CLANG_ANALYZER_NONNULL = YES;
				CLANG_ANALYZER_NUMBER_OBJECT_CONVERSION = YES_AGGRESSIVE;
				CLANG_CXX_LANGUAGE_STANDARD = "gnu++20";
				CLANG_ENABLE_MODULES = YES;
				CLANG_ENABLE_OBJC_ARC = YES;
				CLANG_ENABLE_OBJC_WEAK = YES;
				CLANG_WARN_BLOCK_CAPTURE_AUTORELEASING = YES;
				CLANG_WARN_BOOL_CONVERSION = YES;
				CLANG_WARN_COMMA = YES;
				CLANG_WARN_CONSTANT_CONVERSION = YES;
				CLANG_WARN_DEPRECATED_OBJC_IMPLEMENTATIONS = YES;
				CLANG_WARN_DIRECT_OBJC_ISA_USAGE = YES_ERROR;
				CLANG_WARN_DOCUMENTATION_COMMENTS = YES;
				CLANG_WARN_EMPTY_BODY = YES;
				CLANG_WARN_ENUM_CONVERSION = YES;
				CLANG_WARN_INFINITE_RECURSION = YES;
				CLANG_WARN_INT_CONVERSION = YES;
				CLANG_WARN_NON_LITERAL_NULL_CONVERSION = YES;
				CLANG_WARN_OBJC_IMPLICIT_RETAIN_SELF = YES;
				CLANG_WARN_OBJC_LITERAL_CONVERSION = YES;
				CLANG_WARN_OBJC_ROOT_CLASS = YES_ERROR;
				CLANG_WARN_QUOTED_INCLUDE_IN_FRAMEWORK_HEADER = YES;
				CLANG_WARN_RANGE_LOOP_ANALYSIS = YES;
				CLANG_WARN_STRICT_PROTOTYPES = YES;
				CLANG_WARN_SUSPICIOUS_MOVE = YES;
				CLANG_WARN_UNGUARDED_AVAILABILITY = YES_AGGRESSIVE;
				CLANG_WARN_UNREACHABLE_CODE = YES;
				CLANG_WARN__DUPLICATE_METHOD_MATCH = YES;
				COPY_PHASE_STRIP = NO;
				DEBUG_INFORMATION_FORMAT = dwarf;
				ENABLE_STRICT_OBJC_MSGSEND = YES;
				ENABLE_TESTABILITY = YES;
				GCC_C_LANGUAGE_STANDARD = gnu11;
				GCC_DYNAMIC_NO_PIC = NO;
				GCC_NO_COMMON_BLOCKS = YES;
				GCC_OPTIMIZATION_LEVEL = 0;
				GCC_PREPROCESSOR_DEFINITIONS = (
					"DEBUG=1",
					"$(inherited)",
				);
				GCC_WARN_64_TO_32_BIT_CONVERSION = YES;
				GCC_WARN_ABOUT_RETURN_TYPE = YES_ERROR;
				GCC_WARN_UNDECLARED_SELECTOR = YES;
				GCC_WARN_UNINITIALIZED_AUTOS = YES_AGGRESSIVE;
				GCC_WARN_UNUSED_FUNCTION = YES;
				GCC_WARN_UNUSED_VARIABLE = YES;
				INFOPLIST_FILE = CustomAlertController/Helpers/Info.plist;
				IPHONEOS_DEPLOYMENT_TARGET = 13.0;
				MTL_ENABLE_DEBUG_INFO = INCLUDE_SOURCE;
				MTL_FAST_MATH = YES;
				ONLY_ACTIVE_ARCH = YES;
				SDKROOT = iphoneos;
				SWIFT_ACTIVE_COMPILATION_CONDITIONS = DEBUG;
				SWIFT_OPTIMIZATION_LEVEL = "-Onone";
			};
			name = Debug;
		};
		DDA5D92B2B8627340049CD0D /* Release */ = {
			isa = XCBuildConfiguration;
			buildSettings = {
				ALWAYS_SEARCH_USER_PATHS = NO;
				CLANG_ANALYZER_NONNULL = YES;
				CLANG_ANALYZER_NUMBER_OBJECT_CONVERSION = YES_AGGRESSIVE;
				CLANG_CXX_LANGUAGE_STANDARD = "gnu++20";
				CLANG_ENABLE_MODULES = YES;
				CLANG_ENABLE_OBJC_ARC = YES;
				CLANG_ENABLE_OBJC_WEAK = YES;
				CLANG_WARN_BLOCK_CAPTURE_AUTORELEASING = YES;
				CLANG_WARN_BOOL_CONVERSION = YES;
				CLANG_WARN_COMMA = YES;
				CLANG_WARN_CONSTANT_CONVERSION = YES;
				CLANG_WARN_DEPRECATED_OBJC_IMPLEMENTATIONS = YES;
				CLANG_WARN_DIRECT_OBJC_ISA_USAGE = YES_ERROR;
				CLANG_WARN_DOCUMENTATION_COMMENTS = YES;
				CLANG_WARN_EMPTY_BODY = YES;
				CLANG_WARN_ENUM_CONVERSION = YES;
				CLANG_WARN_INFINITE_RECURSION = YES;
				CLANG_WARN_INT_CONVERSION = YES;
				CLANG_WARN_NON_LITERAL_NULL_CONVERSION = YES;
				CLANG_WARN_OBJC_IMPLICIT_RETAIN_SELF = YES;
				CLANG_WARN_OBJC_LITERAL_CONVERSION = YES;
				CLANG_WARN_OBJC_ROOT_CLASS = YES_ERROR;
				CLANG_WARN_QUOTED_INCLUDE_IN_FRAMEWORK_HEADER = YES;
				CLANG_WARN_RANGE_LOOP_ANALYSIS = YES;
				CLANG_WARN_STRICT_PROTOTYPES = YES;
				CLANG_WARN_SUSPICIOUS_MOVE = YES;
				CLANG_WARN_UNGUARDED_AVAILABILITY = YES_AGGRESSIVE;
				CLANG_WARN_UNREACHABLE_CODE = YES;
				CLANG_WARN__DUPLICATE_METHOD_MATCH = YES;
				COPY_PHASE_STRIP = NO;
				DEBUG_INFORMATION_FORMAT = "dwarf-with-dsym";
				ENABLE_NS_ASSERTIONS = NO;
				ENABLE_STRICT_OBJC_MSGSEND = YES;
				GCC_C_LANGUAGE_STANDARD = gnu11;
				GCC_NO_COMMON_BLOCKS = YES;
				GCC_WARN_64_TO_32_BIT_CONVERSION = YES;
				GCC_WARN_ABOUT_RETURN_TYPE = YES_ERROR;
				GCC_WARN_UNDECLARED_SELECTOR = YES;
				GCC_WARN_UNINITIALIZED_AUTOS = YES_AGGRESSIVE;
				GCC_WARN_UNUSED_FUNCTION = YES;
				GCC_WARN_UNUSED_VARIABLE = YES;
				INFOPLIST_FILE = CustomAlertController/Helpers/Info.plist;
				IPHONEOS_DEPLOYMENT_TARGET = 13.0;
				MTL_ENABLE_DEBUG_INFO = NO;
				MTL_FAST_MATH = YES;
				SDKROOT = iphoneos;
				SWIFT_COMPILATION_MODE = wholemodule;
				SWIFT_OPTIMIZATION_LEVEL = "-O";
				VALIDATE_PRODUCT = YES;
			};
			name = Release;
		};
		DDA5D92D2B8627340049CD0D /* Debug */ = {
			isa = XCBuildConfiguration;
			buildSettings = {
				ASSETCATALOG_COMPILER_APPICON_NAME = AppIcon;
				ASSETCATALOG_COMPILER_GLOBAL_ACCENT_COLOR_NAME = AccentColor;
				CODE_SIGN_STYLE = Automatic;
				CURRENT_PROJECT_VERSION = 1;
				DEVELOPMENT_TEAM = 7YW3V66545;
				GENERATE_INFOPLIST_FILE = YES;
				INFOPLIST_FILE = CustomAlertController/Helpers/Info.plist;
				INFOPLIST_KEY_UIApplicationSupportsIndirectInputEvents = YES;
				INFOPLIST_KEY_UILaunchStoryboardName = LaunchScreen;
				INFOPLIST_KEY_UIMainStoryboardFile = Main;
				INFOPLIST_KEY_UISupportedInterfaceOrientations = UIInterfaceOrientationPortrait;
				INFOPLIST_KEY_UISupportedInterfaceOrientations_iPad = "UIInterfaceOrientationLandscapeLeft UIInterfaceOrientationLandscapeRight UIInterfaceOrientationPortrait UIInterfaceOrientationPortraitUpsideDown";
				IPHONEOS_DEPLOYMENT_TARGET = 13.0;
				LD_RUNPATH_SEARCH_PATHS = (
					"$(inherited)",
					"@executable_path/Frameworks",
				);
				MARKETING_VERSION = 1.0;
				PRODUCT_BUNDLE_IDENTIFIER = Hieronius.CustomAlertController;
				PRODUCT_NAME = "$(TARGET_NAME)";
				SUPPORTED_PLATFORMS = "iphoneos iphonesimulator";
				SUPPORTS_MACCATALYST = NO;
				SUPPORTS_MAC_DESIGNED_FOR_IPHONE_IPAD = NO;
				SWIFT_EMIT_LOC_STRINGS = YES;
				SWIFT_VERSION = 5.0;
				TARGETED_DEVICE_FAMILY = 1;
			};
			name = Debug;
		};
		DDA5D92E2B8627340049CD0D /* Release */ = {
			isa = XCBuildConfiguration;
			buildSettings = {
				ASSETCATALOG_COMPILER_APPICON_NAME = AppIcon;
				ASSETCATALOG_COMPILER_GLOBAL_ACCENT_COLOR_NAME = AccentColor;
				CODE_SIGN_STYLE = Automatic;
				CURRENT_PROJECT_VERSION = 1;
				DEVELOPMENT_TEAM = 7YW3V66545;
				GENERATE_INFOPLIST_FILE = YES;
				INFOPLIST_FILE = CustomAlertController/Helpers/Info.plist;
				INFOPLIST_KEY_UIApplicationSupportsIndirectInputEvents = YES;
				INFOPLIST_KEY_UILaunchStoryboardName = LaunchScreen;
				INFOPLIST_KEY_UIMainStoryboardFile = Main;
				INFOPLIST_KEY_UISupportedInterfaceOrientations = UIInterfaceOrientationPortrait;
				INFOPLIST_KEY_UISupportedInterfaceOrientations_iPad = "UIInterfaceOrientationLandscapeLeft UIInterfaceOrientationLandscapeRight UIInterfaceOrientationPortrait UIInterfaceOrientationPortraitUpsideDown";
				IPHONEOS_DEPLOYMENT_TARGET = 13.0;
				LD_RUNPATH_SEARCH_PATHS = (
					"$(inherited)",
					"@executable_path/Frameworks",
				);
				MARKETING_VERSION = 1.0;
				PRODUCT_BUNDLE_IDENTIFIER = Hieronius.CustomAlertController;
				PRODUCT_NAME = "$(TARGET_NAME)";
				SUPPORTED_PLATFORMS = "iphoneos iphonesimulator";
				SUPPORTS_MACCATALYST = NO;
				SUPPORTS_MAC_DESIGNED_FOR_IPHONE_IPAD = NO;
				SWIFT_EMIT_LOC_STRINGS = YES;
				SWIFT_VERSION = 5.0;
				TARGETED_DEVICE_FAMILY = 1;
			};
			name = Release;
		};
/* End XCBuildConfiguration section */

/* Begin XCConfigurationList section */
		DDA5D9132B8627310049CD0D /* Build configuration list for PBXProject "CustomAlertController" */ = {
			isa = XCConfigurationList;
			buildConfigurations = (
				DDA5D92A2B8627340049CD0D /* Debug */,
				DDA5D92B2B8627340049CD0D /* Release */,
			);
			defaultConfigurationIsVisible = 0;
			defaultConfigurationName = Release;
		};
		DDA5D92C2B8627340049CD0D /* Build configuration list for PBXNativeTarget "CustomAlertController" */ = {
			isa = XCConfigurationList;
			buildConfigurations = (
				DDA5D92D2B8627340049CD0D /* Debug */,
				DDA5D92E2B8627340049CD0D /* Release */,
			);
			defaultConfigurationIsVisible = 0;
			defaultConfigurationName = Release;
		};
/* End XCConfigurationList section */

/* Begin XCRemoteSwiftPackageReference section */
		DDA5D93A2B8641370049CD0D /* XCRemoteSwiftPackageReference "SnapKit" */ = {
			isa = XCRemoteSwiftPackageReference;
			repositoryURL = "https://github.com/SnapKit/SnapKit.git";
			requirement = {
				kind = upToNextMajorVersion;
				minimumVersion = 5.0.0;
			};
		};
/* End XCRemoteSwiftPackageReference section */

/* Begin XCSwiftPackageProductDependency section */
		DDA5D93B2B8641370049CD0D /* SnapKit */ = {
			isa = XCSwiftPackageProductDependency;
			package = DDA5D93A2B8641370049CD0D /* XCRemoteSwiftPackageReference "SnapKit" */;
			productName = SnapKit;
		};
/* End XCSwiftPackageProductDependency section */
	};
	rootObject = DDA5D9102B8627310049CD0D /* Project object */;
}
